
Microsoft Visual Studio Solution File, Format Version 12.00
# Visual Studio Version 16
VisualStudioVersion = 16.0.30907.101
MinimumVisualStudioVersion = 10.0.40219.1
Project("{FAE04EC0-301F-11D3-BF4B-00C04F79EFBC}") = "DataAccess", "DataAccess\DataAccess.csproj", "{3CCF9D83-0A40-4AEF-A130-3DAD3C2381B6}"
EndProject
Project("{FAE04EC0-301F-11D3-BF4B-00C04F79EFBC}") = "Business", "Business\Business.csproj", "{213B0A4F-43AA-472A-A90B-153DD0B9E85F}"
EndProject
Project("{FAE04EC0-301F-11D3-BF4B-00C04F79EFBC}") = "Entities", "Entities\Entities.csproj", "{3E46DA7E-C7EF-4C8A-A903-70AF8B66AA3D}"
EndProject
Project("{FAE04EC0-301F-11D3-BF4B-00C04F79EFBC}") = "ConsoleUI", "ConsoleUI\ConsoleUI.csproj", "{0892CB0E-D80A-4037-B605-B0A88CA8DD2D}"
EndProject
Global
	GlobalSection(SolutionConfigurationPlatforms) = preSolution
		Debug|Any CPU = Debug|Any CPU
		Release|Any CPU = Release|Any CPU
	EndGlobalSection
	GlobalSection(ProjectConfigurationPlatforms) = postSolution
		{3CCF9D83-0A40-4AEF-A130-3DAD3C2381B6}.Debug|Any CPU.ActiveCfg = Debug|Any CPU
		{3CCF9D83-0A40-4AEF-A130-3DAD3C2381B6}.Debug|Any CPU.Build.0 = Debug|Any CPU
		{3CCF9D83-0A40-4AEF-A130-3DAD3C2381B6}.Release|Any CPU.ActiveCfg = Release|Any CPU
		{3CCF9D83-0A40-4AEF-A130-3DAD3C2381B6}.Release|Any CPU.Build.0 = Release|Any CPU
		{213B0A4F-43AA-472A-A90B-153DD0B9E85F}.Debug|Any CPU.ActiveCfg = Debug|Any CPU
		{213B0A4F-43AA-472A-A90B-153DD0B9E85F}.Debug|Any CPU.Build.0 = Debug|Any CPU
		{213B0A4F-43AA-472A-A90B-153DD0B9E85F}.Release|Any CPU.ActiveCfg = Release|Any CPU
		{213B0A4F-43AA-472A-A90B-153DD0B9E85F}.Release|Any CPU.Build.0 = Release|Any CPU
		{3E46DA7E-C7EF-4C8A-A903-70AF8B66AA3D}.Debug|Any CPU.ActiveCfg = Debug|Any CPU
		{3E46DA7E-C7EF-4C8A-A903-70AF8B66AA3D}.Debug|Any CPU.Build.0 = Debug|Any CPU
		{3E46DA7E-C7EF-4C8A-A903-70AF8B66AA3D}.Release|Any CPU.ActiveCfg = Release|Any CPU
		{3E46DA7E-C7EF-4C8A-A903-70AF8B66AA3D}.Release|Any CPU.Build.0 = Release|Any CPU
		{0892CB0E-D80A-4037-B605-B0A88CA8DD2D}.Debug|Any CPU.ActiveCfg = Debug|Any CPU
		{0892CB0E-D80A-4037-B605-B0A88CA8DD2D}.Debug|Any CPU.Build.0 = Debug|Any CPU
		{0892CB0E-D80A-4037-B605-B0A88CA8DD2D}.Release|Any CPU.ActiveCfg = Release|Any CPU
		{0892CB0E-D80A-4037-B605-B0A88CA8DD2D}.Release|Any CPU.Build.0 = Release|Any CPU
	EndGlobalSection
	GlobalSection(SolutionProperties) = preSolution
		HideSolutionNode = FALSE
	EndGlobalSection
	GlobalSection(ExtensibilityGlobals) = postSolution
		SolutionGuid = {46F90D24-7462-496F-94D6-289BF334AF1D}
	EndGlobalSection
EndGlobal
